
Microsoft Visual Studio Solution File, Format Version 12.00
# Visual Studio 15
Project("{FAE04EC0-301F-11D3-BF4B-00C04F79EFBC}") = "Assembly-CSharp", "Assembly-CSharp.csproj", "{6DEE917E-C94C-3C68-E627-805E1953BBD8}"
EndProject
Project("{FAE04EC0-301F-11D3-BF4B-00C04F79EFBC}") = "Assembly-CSharp-Editor", "Assembly-CSharp-Editor.csproj", "{A90F4190-64A9-8B5E-6DD5-3FE5F0F35D41}"
EndProject
Project("{FAE04EC0-301F-11D3-BF4B-00C04F79EFBC}") = "Assembly-CSharp", "Assembly-CSharp.Player.csproj", "{C0CA0D61-810E-6723-0EAB-2C5AF1F7455C}"
EndProject
Global
	GlobalSection(SolutionConfigurationPlatforms) = preSolution
		Debug|Any CPU = Debug|Any CPU
		Release|Any CPU = Release|Any CPU
	EndGlobalSection
	GlobalSection(ProjectConfigurationPlatforms) = postSolution
		{6DEE917E-C94C-3C68-E627-805E1953BBD8}.Debug|Any CPU.ActiveCfg = Debug|Any CPU
		{6DEE917E-C94C-3C68-E627-805E1953BBD8}.Debug|Any CPU.Build.0 = Debug|Any CPU
		{6DEE917E-C94C-3C68-E627-805E1953BBD8}.Release|Any CPU.ActiveCfg = Release|Any CPU
		{6DEE917E-C94C-3C68-E627-805E1953BBD8}.Release|Any CPU.Build.0 = Release|Any CPU
		{A90F4190-64A9-8B5E-6DD5-3FE5F0F35D41}.Debug|Any CPU.ActiveCfg = Debug|Any CPU
		{A90F4190-64A9-8B5E-6DD5-3FE5F0F35D41}.Debug|Any CPU.Build.0 = Debug|Any CPU
		{A90F4190-64A9-8B5E-6DD5-3FE5F0F35D41}.Release|Any CPU.ActiveCfg = Release|Any CPU
		{A90F4190-64A9-8B5E-6DD5-3FE5F0F35D41}.Release|Any CPU.Build.0 = Release|Any CPU
		{C0CA0D61-810E-6723-0EAB-2C5AF1F7455C}.Debug|Any CPU.ActiveCfg = Debug|Any CPU
		{C0CA0D61-810E-6723-0EAB-2C5AF1F7455C}.Debug|Any CPU.Build.0 = Debug|Any CPU
		{C0CA0D61-810E-6723-0EAB-2C5AF1F7455C}.Release|Any CPU.ActiveCfg = Release|Any CPU
		{C0CA0D61-810E-6723-0EAB-2C5AF1F7455C}.Release|Any CPU.Build.0 = Release|Any CPU
	EndGlobalSection
	GlobalSection(SolutionProperties) = preSolution
		HideSolutionNode = FALSE
	EndGlobalSection
EndGlobal
